
Microsoft Visual Studio Solution File, Format Version 12.00
# Visual Studio Version 16
VisualStudioVersion = 16.0.30204.135
MinimumVisualStudioVersion = 10.0.40219.1
Project("{FAE04EC0-301F-11D3-BF4B-00C04F79EFBC}") = "appRestauranteSexto", "appRestauranteSexto\appRestauranteSexto.csproj", "{CC7F3E69-E187-4E8F-8F8C-931F1F869468}"
EndProject
Project("{FAE04EC0-301F-11D3-BF4B-00C04F79EFBC}") = "Modelo", "Modelo\Modelo.csproj", "{0C2F0854-7FD2-419B-85EC-4F029BEDA4C2}"
EndProject
Global
	GlobalSection(SolutionConfigurationPlatforms) = preSolution
		Debug|Any CPU = Debug|Any CPU
		Release|Any CPU = Release|Any CPU
	EndGlobalSection
	GlobalSection(ProjectConfigurationPlatforms) = postSolution
		{CC7F3E69-E187-4E8F-8F8C-931F1F869468}.Debug|Any CPU.ActiveCfg = Debug|Any CPU
		{CC7F3E69-E187-4E8F-8F8C-931F1F869468}.Debug|Any CPU.Build.0 = Debug|Any CPU
		{CC7F3E69-E187-4E8F-8F8C-931F1F869468}.Release|Any CPU.ActiveCfg = Release|Any CPU
		{CC7F3E69-E187-4E8F-8F8C-931F1F869468}.Release|Any CPU.Build.0 = Release|Any CPU
		{0C2F0854-7FD2-419B-85EC-4F029BEDA4C2}.Debug|Any CPU.ActiveCfg = Debug|Any CPU
		{0C2F0854-7FD2-419B-85EC-4F029BEDA4C2}.Debug|Any CPU.Build.0 = Debug|Any CPU
		{0C2F0854-7FD2-419B-85EC-4F029BEDA4C2}.Release|Any CPU.ActiveCfg = Release|Any CPU
		{0C2F0854-7FD2-419B-85EC-4F029BEDA4C2}.Release|Any CPU.Build.0 = Release|Any CPU
	EndGlobalSection
	GlobalSection(SolutionProperties) = preSolution
		HideSolutionNode = FALSE
	EndGlobalSection
	GlobalSection(ExtensibilityGlobals) = postSolution
		SolutionGuid = {C1D9C1EA-7C17-45DC-9884-1859F5B49161}
	EndGlobalSection
EndGlobal
